github.com/akamensky/argparse v1.3.1 h1:kP6+OyvR0fuBH6UhbE6yh/nskrDEIQgEA1SUXDPjx4g=
github.com/akamensky/argparse v1.3.1/go.mod h1:S5kwC7IuDcEr5VeXtGPRVZ5o/FdhcMlQz4IZQuw64xA=
github.com/pnxenopoulos/csgonavparse v0.0.0-20200805220556-354c86f74907 h1:YIhgY+aMsxtWT3Ic1v64HmXQ8UvpINmpXfpffL33ZoI=
github.com/pnxenopoulos/csgonavparse v0.0.0-20200805220556-354c86f74907/go.mod h1:BrVTeWKMxq4qxi4QZFUVA0VyAJYtmUZyYvIdnfBLbww=
